
Microsoft Visual Studio Solution File, Format Version 12.00
# Visual Studio Version 16
VisualStudioVersion = 16.0.29409.12
MinimumVisualStudioVersion = 10.0.40219.1
Project("{8BC9CEB8-8B4A-11D0-8D11-00A0C91BC942}") = "numerical_methods1", "numerical_methods1.vcxproj", "{9E3D4744-0F66-4851-8848-E99EB764463A}"
EndProject
Global
	GlobalSection(SolutionConfigurationPlatforms) = preSolution
		Debug|x64 = Debug|x64
		Debug|x86 = Debug|x86
		Release|x64 = Release|x64
		Release|x86 = Release|x86
	EndGlobalSection
	GlobalSection(ProjectConfigurationPlatforms) = postSolution
		{9E3D4744-0F66-4851-8848-E99EB764463A}.Debug|x64.ActiveCfg = Debug|x64
		{9E3D4744-0F66-4851-8848-E99EB764463A}.Debug|x64.Build.0 = Debug|x64
		{9E3D4744-0F66-4851-8848-E99EB764463A}.Debug|x86.ActiveCfg = Debug|Win32
		{9E3D4744-0F66-4851-8848-E99EB764463A}.Debug|x86.Build.0 = Debug|Win32
		{9E3D4744-0F66-4851-8848-E99EB764463A}.Release|x64.ActiveCfg = Release|x64
		{9E3D4744-0F66-4851-8848-E99EB764463A}.Release|x64.Build.0 = Release|x64
		{9E3D4744-0F66-4851-8848-E99EB764463A}.Release|x86.ActiveCfg = Release|Win32
		{9E3D4744-0F66-4851-8848-E99EB764463A}.Release|x86.Build.0 = Release|Win32
	EndGlobalSection
	GlobalSection(SolutionProperties) = preSolution
		HideSolutionNode = FALSE
	EndGlobalSection
	GlobalSection(ExtensibilityGlobals) = postSolution
		SolutionGuid = {BFF25B8D-5366-4FAC-A6A7-913D4692E7E2}
	EndGlobalSection
EndGlobal
